# THIS IS AN AUTOGENERATED FILE. DO NOT EDIT THIS FILE DIRECTLY.
# yarn lockfile v1


"@esbuild/aix-ppc64@0.27.4":
  version "0.27.4"
  resolved "https://registry.facebook.net/@esbuild/aix-ppc64/-/aix-ppc64-0.27.4.tgz#4c585002f7ad694d38fe0e8cbf5cfd939ccff327"
  integrity sha512-cQPwL2mp2nSmHHJlCyoXgHGhbEPMrEEU5xhkcy3Hs/O7nGZqEpZ2sUtLaL9MORLtDfRvVl2/3PAuEkYZH0Ty8Q==

"@esbuild/android-arm64@0.27.4":
  version "0.27.4"
  resolved "https://registry.facebook.net/@esbuild/android-arm64/-/android-arm64-0.27.4.tgz#7625d0952c3b402d3ede203a16c9f2b78f8a4827"
  integrity sha512-gdLscB7v75wRfu7QSm/zg6Rx29VLdy9eTr2t44sfTW7CxwAtQghZ4ZnqHk3/ogz7xao0QAgrkradbBzcqFPasw==

"@esbuild/android-arm@0.27.4":
  version "0.27.4"
  resolved "https://registry.facebook.net/@esbuild/android-arm/-/android-arm-0.27.4.tgz#9a0cf1d12997ec46dddfb32ce67e9bca842381ac"
  integrity sha512-X9bUgvxiC8CHAGKYufLIHGXPJWnr0OCdR0anD2e21vdvgCI8lIfqFbnoeOz7lBjdrAGUhqLZLcQo6MLhTO2DKQ==

"@esbuild/android-x64@0.27.4":
  version "0.27.4"
  resolved "https://registry.facebook.net/@esbuild/android-x64/-/android-x64-0.27.4.tgz#06e1fdc6283fccd6bc6aadd6754afce6cf96f42e"
  integrity sha512-PzPFnBNVF292sfpfhiyiXCGSn9HZg5BcAz+ivBuSsl6Rk4ga1oEXAamhOXRFyMcjwr2DVtm40G65N3GLeH1Lvw==

"@esbuild/darwin-arm64@0.27.4":
  version "0.27.4"
  resolved "https://registry.facebook.net/@esbuild/darwin-arm64/-/darwin-arm64-0.27.4.tgz#6c550ee6c0273bcb0fac244478ff727c26755d80"
  integrity sha512-b7xaGIwdJlht8ZFCvMkpDN6uiSmnxxK56N2GDTMYPr2/gzvfdQN8rTfBsvVKmIVY/X7EM+/hJKEIbbHs9oA4tQ==

"@esbuild/darwin-x64@0.27.4":
  version "0.27.4"
  resolved "https://registry.facebook.net/@esbuild/darwin-x64/-/darwin-x64-0.27.4.tgz#ed7a125e9f25ce0091b9aff783ee943f6ba6cb86"
  integrity sha512-sR+OiKLwd15nmCdqpXMnuJ9W2kpy0KigzqScqHI3Hqwr7IXxBp3Yva+yJwoqh7rE8V77tdoheRYataNKL4QrPw==

"@esbuild/freebsd-arm64@0.27.4":
  version "0.27.4"
  resolved "https://registry.facebook.net/@esbuild/freebsd-arm64/-/freebsd-arm64-0.27.4.tgz#597dc8e7161dba71db4c1656131c1f1e9d7660c6"
  integrity sha512-jnfpKe+p79tCnm4GVav68A7tUFeKQwQyLgESwEAUzyxk/TJr4QdGog9sqWNcUbr/bZt/O/HXouspuQDd9JxFSw==

"@esbuild/freebsd-x64@0.27.4":
  version "0.27.4"
  resolved "https://registry.facebook.net/@esbuild/freebsd-x64/-/freebsd-x64-0.27.4.tgz#ea171f9f4f00efaa8e9d3fe8baa1b75d757d1b36"
  integrity sha512-2kb4ceA/CpfUrIcTUl1wrP/9ad9Atrp5J94Lq69w7UwOMolPIGrfLSvAKJp0RTvkPPyn6CIWrNy13kyLikZRZQ==

"@esbuild/linux-arm64@0.27.4":
  version "0.27.4"
  resolved "https://registry.facebook.net/@esbuild/linux-arm64/-/linux-arm64-0.27.4.tgz#e52d57f202369386e6dbcb3370a17a0491ab1464"
  integrity sha512-7nQOttdzVGth1iz57kxg9uCz57dxQLHWxopL6mYuYthohPKEK0vU0C3O21CcBK6KDlkYVcnDXY099HcCDXd9dA==

"@esbuild/linux-arm@0.27.4":
  version "0.27.4"
  resolved "https://registry.facebook.net/@esbuild/linux-arm/-/linux-arm-0.27.4.tgz#5e0c0b634908adbce0a02cebeba8b3acac263fb6"
  integrity sha512-aBYgcIxX/wd5n2ys0yESGeYMGF+pv6g0DhZr3G1ZG4jMfruU9Tl1i2Z+Wnj9/KjGz1lTLCcorqE2viePZqj4Eg==

"@esbuild/linux-ia32@0.27.4":
  version "0.27.4"
  resolved "https://registry.facebook.net/@esbuild/linux-ia32/-/linux-ia32-0.27.4.tgz#5f90f01f131652473ec06b038a14c49683e14ec7"
  integrity sha512-oPtixtAIzgvzYcKBQM/qZ3R+9TEUd1aNJQu0HhGyqtx6oS7qTpvjheIWBbes4+qu1bNlo2V4cbkISr8q6gRBFA==

"@esbuild/linux-loong64@0.27.4":
  version "0.27.4"
  resolved "https://registry.facebook.net/@esbuild/linux-loong64/-/linux-loong64-0.27.4.tgz#63bacffdb99574c9318f9afbd0dd4fff76a837e3"
  integrity sha512-8mL/vh8qeCoRcFH2nM8wm5uJP+ZcVYGGayMavi8GmRJjuI3g1v6Z7Ni0JJKAJW+m0EtUuARb6Lmp4hMjzCBWzA==

"@esbuild/linux-mips64el@0.27.4":
  version "0.27.4"
  resolved "https://registry.facebook.net/@esbuild/linux-mips64el/-/linux-mips64el-0.27.4.tgz#c4b6952eca6a8efff67fee3671a3536c8e67b7eb"
  integrity sha512-1RdrWFFiiLIW7LQq9Q2NES+HiD4NyT8Itj9AUeCl0IVCA459WnPhREKgwrpaIfTOe+/2rdntisegiPWn/r/aAw==

"@esbuild/linux-ppc64@0.27.4":
  version "0.27.4"
  resolved "https://registry.facebook.net/@esbuild/linux-ppc64/-/linux-ppc64-0.27.4.tgz#6dea67d3d98c6986f1b7769e4f1848e5ae47ad58"
  integrity sha512-tLCwNG47l3sd9lpfyx9LAGEGItCUeRCWeAx6x2Jmbav65nAwoPXfewtAdtbtit/pJFLUWOhpv0FpS6GQAmPrHA==

"@esbuild/linux-riscv64@0.27.4":
  version "0.27.4"
  resolved "https://registry.facebook.net/@esbuild/linux-riscv64/-/linux-riscv64-0.27.4.tgz#9ad2b4c3c0502c6bada9c81997bb56c597853489"
  integrity sha512-BnASypppbUWyqjd1KIpU4AUBiIhVr6YlHx/cnPgqEkNoVOhHg+YiSVxM1RLfiy4t9cAulbRGTNCKOcqHrEQLIw==

"@esbuild/linux-s390x@0.27.4":
  version "0.27.4"
  resolved "https://registry.facebook.net/@esbuild/linux-s390x/-/linux-s390x-0.27.4.tgz#c43d3cfd073042ca6f5c52bb9bc313ed2066ce28"
  integrity sha512-+eUqgb/Z7vxVLezG8bVB9SfBie89gMueS+I0xYh2tJdw3vqA/0ImZJ2ROeWwVJN59ihBeZ7Tu92dF/5dy5FttA==

"@esbuild/linux-x64@0.27.4":
  version "0.27.4"
  resolved "https://registry.facebook.net/@esbuild/linux-x64/-/linux-x64-0.27.4.tgz#45fa173e0591ac74d80d3cf76704713e14e2a4a6"
  integrity sha512-S5qOXrKV8BQEzJPVxAwnryi2+Iq5pB40gTEIT69BQONqR7JH1EPIcQ/Uiv9mCnn05jff9umq/5nqzxlqTOg9NA==

"@esbuild/netbsd-arm64@0.27.4":
  version "0.27.4"
  resolved "https://registry.facebook.net/@esbuild/netbsd-arm64/-/netbsd-arm64-0.27.4.tgz#366b0ef40cdb986fc751cbdad16e8c25fe1ba879"
  integrity sha512-xHT8X4sb0GS8qTqiwzHqpY00C95DPAq7nAwX35Ie/s+LO9830hrMd3oX0ZMKLvy7vsonee73x0lmcdOVXFzd6Q==

"@esbuild/netbsd-x64@0.27.4":
  version "0.27.4"
  resolved "https://registry.facebook.net/@esbuild/netbsd-x64/-/netbsd-x64-0.27.4.tgz#e985d49a3668fd2044343071d52e1ae815112b3e"
  integrity sha512-RugOvOdXfdyi5Tyv40kgQnI0byv66BFgAqjdgtAKqHoZTbTF2QqfQrFwa7cHEORJf6X2ht+l9ABLMP0dnKYsgg==

"@esbuild/openbsd-arm64@0.27.4":
  version "0.27.4"
  resolved "https://registry.facebook.net/@esbuild/openbsd-arm64/-/openbsd-arm64-0.27.4.tgz#6fb4ab7b73f7e5572ce5ec9cf91c13ff6dd44842"
  integrity sha512-2MyL3IAaTX+1/qP0O1SwskwcwCoOI4kV2IBX1xYnDDqthmq5ArrW94qSIKCAuRraMgPOmG0RDTA74mzYNQA9ow==

"@esbuild/openbsd-x64@0.27.4":
  version "0.27.4"
  resolved "https://registry.facebook.net/@esbuild/openbsd-x64/-/openbsd-x64-0.27.4.tgz#641f052040a0d79843d68898f5791638a026d983"
  integrity sha512-u8fg/jQ5aQDfsnIV6+KwLOf1CmJnfu1ShpwqdwC0uA7ZPwFws55Ngc12vBdeUdnuWoQYx/SOQLGDcdlfXhYmXQ==

"@esbuild/openharmony-arm64@0.27.4":
  version "0.27.4"
  resolved "https://registry.facebook.net/@esbuild/openharmony-arm64/-/openharmony-arm64-0.27.4.tgz#fc1d33eac9d81ae0a433b3ed1dd6171a20d4e317"
  integrity sha512-JkTZrl6VbyO8lDQO3yv26nNr2RM2yZzNrNHEsj9bm6dOwwu9OYN28CjzZkH57bh4w0I2F7IodpQvUAEd1mbWXg==

"@esbuild/sunos-x64@0.27.4":
  version "0.27.4"
  resolved "https://registry.facebook.net/@esbuild/sunos-x64/-/sunos-x64-0.27.4.tgz#af2cd5ca842d6d057121f66a192d4f797de28f53"
  integrity sha512-/gOzgaewZJfeJTlsWhvUEmUG4tWEY2Spp5M20INYRg2ZKl9QPO3QEEgPeRtLjEWSW8FilRNacPOg8R1uaYkA6g==

"@esbuild/win32-arm64@0.27.4":
  version "0.27.4"
  resolved "https://registry.facebook.net/@esbuild/win32-arm64/-/win32-arm64-0.27.4.tgz#78ec7e59bb06404583d4c9511e621db31c760de3"
  integrity sha512-Z9SExBg2y32smoDQdf1HRwHRt6vAHLXcxD2uGgO/v2jK7Y718Ix4ndsbNMU/+1Qiem9OiOdaqitioZwxivhXYg==

"@esbuild/win32-ia32@0.27.4":
  version "0.27.4"
  resolved "https://registry.facebook.net/@esbuild/win32-ia32/-/win32-ia32-0.27.4.tgz#0e616aa488b7ee5d2592ab070ff9ec06a9fddf11"
  integrity sha512-DAyGLS0Jz5G5iixEbMHi5KdiApqHBWMGzTtMiJ72ZOLhbu/bzxgAe8Ue8CTS3n3HbIUHQz/L51yMdGMeoxXNJw==

"@esbuild/win32-x64@0.27.4":
  version "0.27.4"
  resolved "https://registry.facebook.net/@esbuild/win32-x64/-/win32-x64-0.27.4.tgz#1f7ba71a3d6155d44a6faa8dbe249c62ab3e408c"
  integrity sha512-+knoa0BDoeXgkNvvV1vvbZX4+hizelrkwmGJBdT17t8FNPwG2lKemmuMZlmaNQ3ws3DKKCxpb4zRZEIp3UxFCg==

"@types/d3-color@*":
  version "3.1.3"
  resolved "https://registry.npmjs.org/@types/d3-color/-/d3-color-3.1.3.tgz"
  integrity sha512-iO90scth9WAbmgv7ogoq57O9YpKmFBbmoEoCHDB2xMBY0+/KVrqAaCDyCE16dUspeOvIxFFRI+0sEtqDqy2b4A==

"@types/d3-drag@^3.0.7":
  version "3.0.7"
  resolved "https://registry.npmjs.org/@types/d3-drag/-/d3-drag-3.0.7.tgz"
  integrity sha512-HE3jVKlzU9AaMazNufooRJ5ZpWmLIoc90A37WU2JMmeq28w1FQqCZswHZ3xR+SuxYftzHq6WU6KJHvqxKzTxxQ==
  dependencies:
    "@types/d3-selection" "*"

"@types/d3-interpolate@*", "@types/d3-interpolate@^3.0.4":
  version "3.0.4"
  resolved "https://registry.npmjs.org/@types/d3-interpolate/-/d3-interpolate-3.0.4.tgz"
  integrity sha512-mgLPETlrpVV1YRJIglr4Ez47g7Yxjl1lj7YKsiMCb27VJH9W8NVM6Bb9d8kkpG/uAQS5AmbA48q2IAolKKo1MA==
  dependencies:
    "@types/d3-color" "*"

"@types/d3-selection@*", "@types/d3-selection@^3.0.10":
  version "3.0.11"
  resolved "https://registry.npmjs.org/@types/d3-selection/-/d3-selection-3.0.11.tgz"
  integrity sha512-bhAXu23DJWsrI45xafYpkQ4NtcKMwWnAC/vKrd2l+nxMFuvOT3XMYTIj2opv8vq8AO5Yh7Qac/nSeP/3zjTK0w==

"@types/d3-transition@^3.0.8":
  version "3.0.9"
  resolved "https://registry.npmjs.org/@types/d3-transition/-/d3-transition-3.0.9.tgz"
  integrity sha512-uZS5shfxzO3rGlu0cC3bjmMFKsXv+SmZZcgp0KD22ts4uGXp5EVYGzu/0YdwZeKmddhcAccYtREJKkPfXkZuCg==
  dependencies:
    "@types/d3-selection" "*"

"@types/d3-zoom@^3.0.8":
  version "3.0.8"
  resolved "https://registry.npmjs.org/@types/d3-zoom/-/d3-zoom-3.0.8.tgz"
  integrity sha512-iqMC4/YlFCSlO8+2Ii1GGGliCAY4XdeG748w5vQUbevlbDu0zSjH/+jojorQVBK/se0j6DUFNPBGSqD3YWYnDw==
  dependencies:
    "@types/d3-interpolate" "*"
    "@types/d3-selection" "*"

"@types/prop-types@*":
  version "15.7.15"
  resolved "https://registry.npmjs.org/@types/prop-types/-/prop-types-15.7.15.tgz"
  integrity sha512-F6bEyamV9jKGAFBEmlQnesRPGOQqS2+Uwi0Em15xenOxHaf2hv6L8YCVn3rPdPJOiJfPiCnLIRyvwVaqMY3MIw==

"@types/react-dom@^18.3.0":
  version "18.3.7"
  resolved "https://registry.npmjs.org/@types/react-dom/-/react-dom-18.3.7.tgz"
  integrity sha512-MEe3UeoENYVFXzoXEWsvcpg6ZvlrFNlOQ7EOsvhI3CfAXwzPfO8Qwuxd40nepsYKqyyVQnTdEfv68q91yLcKrQ==

"@types/react@^18.3.3":
  version "18.3.31"
  resolved "https://registry.npmjs.org/@types/react/-/react-18.3.31.tgz"
  integrity sha512-vfEqpXTvwT91yhmwdfouStN2hSKwTvyRs8qpLfADyrq/kxDw0hZM7Wk9Ug1FELj8hIby+S/+kQCSRFF32nv2Qw==
  dependencies:
    "@types/prop-types" "*"
    csstype "^3.2.2"

"@xyflow/react@^12.6.0":
  version "12.11.2"
  resolved "https://registry.npmjs.org/@xyflow/react/-/react-12.11.2.tgz"
  integrity sha512-eLAlDWJfWnQEhJwGMjlWdAXO9eYllKpliUmPQlAmOLxz6mExXuzMVDUKLMquixgkrtmMFFtug3jGKmYYld12cA==
  dependencies:
    "@xyflow/system" "0.0.79"
    classcat "^5.0.3"
    zustand "^4.4.0"

"@xyflow/system@0.0.79":
  version "0.0.79"
  resolved "https://registry.npmjs.org/@xyflow/system/-/system-0.0.79.tgz"
  integrity sha512-czLyOh91NF0hIzbNzwi8I6GlqG23BHh2435OddfI6uiaLH3xdrdygO93gqgH1Bv9mhy8XPFQJOBn1FTq4LvEWA==
  dependencies:
    "@types/d3-drag" "^3.0.7"
    "@types/d3-interpolate" "^3.0.4"
    "@types/d3-selection" "^3.0.10"
    "@types/d3-transition" "^3.0.8"
    "@types/d3-zoom" "^3.0.8"
    d3-drag "^3.0.0"
    d3-interpolate "^3.0.1"
    d3-selection "^3.0.0"
    d3-zoom "^3.0.0"

classcat@^5.0.3:
  version "5.0.5"
  resolved "https://registry.npmjs.org/classcat/-/classcat-5.0.5.tgz"
  integrity sha512-JhZUT7JFcQy/EzW605k/ktHtncoo9vnyW/2GspNYwFlN1C/WmjuV/xtS04e9SOkL2sTdw0VAZ2UGCcQ9lR6p6w==

csstype@^3.2.2:
  version "3.2.3"
  resolved "https://registry.npmjs.org/csstype/-/csstype-3.2.3.tgz"
  integrity sha512-z1HGKcYy2xA8AGQfwrn0PAy+PB7X/GSj3UVJW9qKyn43xWa+gl5nXmU4qqLMRzWVLFC8KusUX8T/0kCiOYpAIQ==

"d3-color@1 - 3":
  version "3.1.0"
  resolved "https://registry.npmjs.org/d3-color/-/d3-color-3.1.0.tgz"
  integrity sha512-zg/chbXyeBtMQ1LbD/WSoW2DpC3I0mpmPdW+ynRTj/x2DAWYrIY7qeZIHidozwV24m4iavr15lNwIwLxRmOxhA==

"d3-dispatch@1 - 3":
  version "3.0.1"
  resolved "https://registry.npmjs.org/d3-dispatch/-/d3-dispatch-3.0.1.tgz"
  integrity sha512-rzUyPU/S7rwUflMyLc1ETDeBj0NRuHKKAcvukozwhshr6g6c5d8zh4c2gQjY2bZ0dXeGLWc1PF174P2tVvKhfg==

"d3-drag@2 - 3", d3-drag@^3.0.0:
  version "3.0.0"
  resolved "https://registry.npmjs.org/d3-drag/-/d3-drag-3.0.0.tgz"
  integrity sha512-pWbUJLdETVA8lQNJecMxoXfH6x+mO2UQo8rSmZ+QqxcbyA3hfeprFgIT//HW2nlHChWeIIMwS2Fq+gEARkhTkg==
  dependencies:
    d3-dispatch "1 - 3"
    d3-selection "3"

"d3-ease@1 - 3":
  version "3.0.1"
  resolved "https://registry.npmjs.org/d3-ease/-/d3-ease-3.0.1.tgz"
  integrity sha512-wR/XK3D3XcLIZwpbvQwQ5fK+8Ykds1ip7A2Txe0yxncXSdq1L9skcG7blcedkOX+ZcgxGAmLX1FrRGbADwzi0w==

"d3-interpolate@1 - 3", d3-interpolate@^3.0.1:
  version "3.0.1"
  resolved "https://registry.npmjs.org/d3-interpolate/-/d3-interpolate-3.0.1.tgz"
  integrity sha512-3bYs1rOD33uo8aqJfKP3JWPAibgw8Zm2+L9vBKEHJ2Rg+viTR7o5Mmv5mZcieN+FRYaAOWX5SJATX6k1PWz72g==
  dependencies:
    d3-color "1 - 3"

"d3-selection@2 - 3", d3-selection@3, d3-selection@^3.0.0:
  version "3.0.0"
  resolved "https://registry.npmjs.org/d3-selection/-/d3-selection-3.0.0.tgz"
  integrity sha512-fmTRWbNMmsmWq6xJV8D19U/gw/bwrHfNXxrIN+HfZgnzqTHp9jOmKMhsTUjXOJnZOdZY9Q28y4yebKzqDKlxlQ==

"d3-timer@1 - 3":
  version "3.0.1"
  resolved "https://registry.npmjs.org/d3-timer/-/d3-timer-3.0.1.tgz"
  integrity sha512-ndfJ/JxxMd3nw31uyKoY2naivF+r29V+Lc0svZxe1JvvIRmi8hUsrMvdOwgS1o6uBHmiz91geQ0ylPP0aj1VUA==

"d3-transition@2 - 3":
  version "3.0.1"
  resolved "https://registry.npmjs.org/d3-transition/-/d3-transition-3.0.1.tgz"
  integrity sha512-ApKvfjsSR6tg06xrL434C0WydLr7JewBB3V+/39RMHsaXTOG0zmt/OAXeng5M5LBm0ojmxJrpomQVZ1aPvBL4w==
  dependencies:
    d3-color "1 - 3"
    d3-dispatch "1 - 3"
    d3-ease "1 - 3"
    d3-interpolate "1 - 3"
    d3-timer "1 - 3"

d3-zoom@^3.0.0:
  version "3.0.0"
  resolved "https://registry.npmjs.org/d3-zoom/-/d3-zoom-3.0.0.tgz"
  integrity sha512-b8AmV3kfQaqWAuacbPuNbL6vahnOJflOhexLzMMNLga62+/nh0JzvJ0aO/5a5MVgUFGS7Hu1P9P03o3fJkDCyw==
  dependencies:
    d3-dispatch "1 - 3"
    d3-drag "2 - 3"
    d3-interpolate "1 - 3"
    d3-selection "2 - 3"
    d3-transition "2 - 3"

echarts@^6.1.0:
  version "6.1.0"
  resolved "https://registry.yarnpkg.com/echarts/-/echarts-6.1.0.tgz#ae0f68590f5ebbd728d900907c27acde7c5456d1"
  integrity sha512-q0yaFPggC9FUdsWH4blavRWFmxdrIodbkoKNAjJudAI6CA9gNPxHtV2RcZNEepZVlk4yvBYkOkbk6HIVpIyHZA==
  dependencies:
    tslib "2.3.0"
    zrender "6.1.0"

elkjs@^0.9.3:
  version "0.9.3"
  resolved "https://registry.npmjs.org/elkjs/-/elkjs-0.9.3.tgz"
  integrity sha512-f/ZeWvW/BCXbhGEf1Ujp29EASo/lk1FDnETgNKwJrsVvGZhUWCZyg3xLJjAsxfOmt8KjswHmI5EwCQcPMpOYhQ==

esbuild@^0.27.4:
  version "0.27.4"
  resolved "https://registry.npmjs.org/esbuild/-/esbuild-0.27.4.tgz"
  integrity sha512-Rq4vbHnYkK5fws5NF7MYTU68FPRE1ajX7heQ/8QXXWqNgqqJ/GkmmyxIzUnf2Sr/bakf8l54716CcMGHYhMrrQ==
  optionalDependencies:
    "@esbuild/aix-ppc64" "0.27.4"
    "@esbuild/android-arm" "0.27.4"
    "@esbuild/android-arm64" "0.27.4"
    "@esbuild/android-x64" "0.27.4"
    "@esbuild/darwin-arm64" "0.27.4"
    "@esbuild/darwin-x64" "0.27.4"
    "@esbuild/freebsd-arm64" "0.27.4"
    "@esbuild/freebsd-x64" "0.27.4"
    "@esbuild/linux-arm" "0.27.4"
    "@esbuild/linux-arm64" "0.27.4"
    "@esbuild/linux-ia32" "0.27.4"
    "@esbuild/linux-loong64" "0.27.4"
    "@esbuild/linux-mips64el" "0.27.4"
    "@esbuild/linux-ppc64" "0.27.4"
    "@esbuild/linux-riscv64" "0.27.4"
    "@esbuild/linux-s390x" "0.27.4"
    "@esbuild/linux-x64" "0.27.4"
    "@esbuild/netbsd-arm64" "0.27.4"
    "@esbuild/netbsd-x64" "0.27.4"
    "@esbuild/openbsd-arm64" "0.27.4"
    "@esbuild/openbsd-x64" "0.27.4"
    "@esbuild/openharmony-arm64" "0.27.4"
    "@esbuild/sunos-x64" "0.27.4"
    "@esbuild/win32-arm64" "0.27.4"
    "@esbuild/win32-ia32" "0.27.4"
    "@esbuild/win32-x64" "0.27.4"

"js-tokens@^3.0.0 || ^4.0.0":
  version "4.0.0"
  resolved "https://registry.npmjs.org/js-tokens/-/js-tokens-4.0.0.tgz"
  integrity sha512-RdJUflcE3cUzKiMqQgsCu06FPu9UdIJO0beYbPhHN4k6apgJtifcoCtT9bcxOpYBtpD2kCM6Sbzg4CausW/PKQ==

loose-envify@^1.1.0:
  version "1.4.0"
  resolved "https://registry.npmjs.org/loose-envify/-/loose-envify-1.4.0.tgz"
  integrity sha512-lyuxPGr/Wfhrlem2CL/UcnUc1zcqKAImBDzukY7Y5F/yQiNdko6+fRLevlw1HgMySw7f611UIY408EtxRSoK3Q==
  dependencies:
    js-tokens "^3.0.0 || ^4.0.0"

react-dom@^18.2.0:
  version "18.3.1"
  resolved "https://registry.npmjs.org/react-dom/-/react-dom-18.3.1.tgz"
  integrity sha512-5m4nQKp+rZRb09LNH59GM4BxTh9251/ylbKIbpe7TpGxfJ+9kv6BLkLBXIjjspbgbnIBNqlI23tRnTWT0snUIw==
  dependencies:
    loose-envify "^1.1.0"
    scheduler "^0.23.2"

react@^18.2.0:
  version "18.3.1"
  resolved "https://registry.npmjs.org/react/-/react-18.3.1.tgz"
  integrity sha512-wS+hAgJShR0KhEvPJArfuPVN1+Hz1t0Y6n5jLrGQbkb4urgPE/0Rve+1kMB1v/oWgHgm4WIcV+i7F2pTVj+2iQ==
  dependencies:
    loose-envify "^1.1.0"

scheduler@^0.23.2:
  version "0.23.2"
  resolved "https://registry.npmjs.org/scheduler/-/scheduler-0.23.2.tgz"
  integrity sha512-UOShsPwz7NrMUqhR6t0hWjFduvOzbtv7toDH1/hIrfRNIDBnnBWd0CwJTGvTpngVlmwGCdP9/Zl/tVrDqcuYzQ==
  dependencies:
    loose-envify "^1.1.0"

tslib@2.3.0:
  version "2.3.0"
  resolved "https://registry.npmjs.org/tslib/-/tslib-2.3.0.tgz"
  integrity sha512-N82ooyxVNm6h1riLCoyS9e3fuJ3AMG2zIZs2Gd1ATcSFjSA23Q0fzjjZeh0jbJvWVDZ0cJT8yaNNaaXHzueNjg==

typescript@^4.9.5:
  version "4.9.5"
  resolved "https://registry.npmjs.org/typescript/-/typescript-4.9.5.tgz"
  integrity sha512-1FXk9E2Hm+QzZQ7z+McJiHL4NW1F2EzMu9Nq9i3zAaGqibafqYwCVU6WyWAuyQRRzOlxou8xZSyXLEN8oKj24g==

use-sync-external-store@^1.2.2:
  version "1.6.0"
  resolved "https://registry.npmjs.org/use-sync-external-store/-/use-sync-external-store-1.6.0.tgz"
  integrity sha512-Pp6GSwGP/NrPIrxVFAIkOQeyw8lFenOHijQWkUTrDvrF4ALqylP2C/KCkeS9dpUM3KvYRQhna5vt7IL95+ZQ9w==

zrender@6.1.0:
  version "6.1.0"
  resolved "https://registry.yarnpkg.com/zrender/-/zrender-6.1.0.tgz#c3ef06e6426d5c28865b7183035680d685e00136"
  integrity sha512-oEGMDB6pOP2S6OwRR4PdVv610zrjnA3Bh+JnSG12fYJlBKjtNAoEb5fSUoCOOINlH96I2fU38/A2UpRKs67xYQ==
  dependencies:
    tslib "2.3.0"

zustand@^4.4.0:
  version "4.5.7"
  resolved "https://registry.npmjs.org/zustand/-/zustand-4.5.7.tgz"
  integrity sha512-CHOUy7mu3lbD6o6LJLfllpjkzhHXSBlX8B9+qPddUsIfeF5S/UZ5q0kmCsnRqT1UHFQZchNFDDzMbQsuesHWlw==
  dependencies:
    use-sync-external-store "^1.2.2"
